
Microsoft Visual Studio Solution File, Format Version 12.00
# Visual Studio Version 17
VisualStudioVersion = 17.2.32526.322
MinimumVisualStudioVersion = 10.0.40219.1
Project("{9A19103F-16F7-4668-BE54-9A1E7A4F7556}") = "DigitalWatchOSC", "DigitalWatchOSC.csproj", "{3770A082-0262-413A-8CCA-FEC2B46266E1}"
EndProject
Global
	GlobalSection(SolutionConfigurationPlatforms) = preSolution
		Debug|Any CPU = Debug|Any CPU
		Debug|x64 = Debug|x64
		Release|Any CPU = Release|Any CPU
		Release|x64 = Release|x64
	EndGlobalSection
	GlobalSection(ProjectConfigurationPlatforms) = postSolution
		{3770A082-0262-413A-8CCA-FEC2B46266E1}.Debug|Any CPU.ActiveCfg = Debug|Any CPU
		{3770A082-0262-413A-8CCA-FEC2B46266E1}.Debug|Any CPU.Build.0 = Debug|Any CPU
		{3770A082-0262-413A-8CCA-FEC2B46266E1}.Debug|x64.ActiveCfg = Debug|Any CPU
		{3770A082-0262-413A-8CCA-FEC2B46266E1}.Release|Any CPU.ActiveCfg = Release|Any CPU
		{3770A082-0262-413A-8CCA-FEC2B46266E1}.Release|Any CPU.Build.0 = Release|Any CPU
		{3770A082-0262-413A-8CCA-FEC2B46266E1}.Release|x64.ActiveCfg = Release|Any CPU
	EndGlobalSection
	GlobalSection(SolutionProperties) = preSolution
		HideSolutionNode = FALSE
	EndGlobalSection
	GlobalSection(ExtensibilityGlobals) = postSolution
		SolutionGuid = {CC8C78CD-F60A-4420-80B5-EAF36279EDE6}
	EndGlobalSection
EndGlobal
